
Microsoft Visual Studio Solution File, Format Version 12.00
# Visual Studio Version 17
VisualStudioVersion = 17.5.002.0
MinimumVisualStudioVersion = 10.0.40219.1
Project("{9A19103F-16F7-4668-BE54-9A1E7A4F7556}") = "Catalog.Service", "Catalog.Service.csproj", "{5FABF8E4-EE6E-49C6-8CEE-3178D2218C32}"
EndProject
Global
	GlobalSection(SolutionConfigurationPlatforms) = preSolution
		Debug|Any CPU = Debug|Any CPU
		Release|Any CPU = Release|Any CPU
	EndGlobalSection
	GlobalSection(ProjectConfigurationPlatforms) = postSolution
		{5FABF8E4-EE6E-49C6-8CEE-3178D2218C32}.Debug|Any CPU.ActiveCfg = Debug|Any CPU
		{5FABF8E4-EE6E-49C6-8CEE-3178D2218C32}.Debug|Any CPU.Build.0 = Debug|Any CPU
		{5FABF8E4-EE6E-49C6-8CEE-3178D2218C32}.Release|Any CPU.ActiveCfg = Release|Any CPU
		{5FABF8E4-EE6E-49C6-8CEE-3178D2218C32}.Release|Any CPU.Build.0 = Release|Any CPU
	EndGlobalSection
	GlobalSection(SolutionProperties) = preSolution
		HideSolutionNode = FALSE
	EndGlobalSection
	GlobalSection(ExtensibilityGlobals) = postSolution
		SolutionGuid = {8BAD510D-2D42-48E7-8F89-302613AA178B}
	EndGlobalSection
EndGlobal
